// !$*UTF8*$!
{
	archiveVersion = 1;
	classes = {
	};
	objectVersion = 46;
	objects = {

/* Begin PBXBuildFile section */
		E2FE7F291AA88857008E7729 /* téléchargement.png in Resources */ = {isa = PBXBuildFile; fileRef = E2FE7F281AA88857008E7729 /* téléchargement.png */; };
		EF376C4F1AA12F1500832A0D /* main.m in Sources */ = {isa = PBXBuildFile; fileRef = EF376C4E1AA12F1500832A0D /* main.m */; };
		EF376C521AA12F1500832A0D /* AppDelegate.m in Sources */ = {isa = PBXBuildFile; fileRef = EF376C511AA12F1500832A0D /* AppDelegate.m */; };
		EF376C551AA12F1500832A0D /* projetesgi.xcdatamodeld in Sources */ = {isa = PBXBuildFile; fileRef = EF376C531AA12F1500832A0D /* projetesgi.xcdatamodeld */; };
		EF376C5B1AA12F1500832A0D /* Main.storyboard in Resources */ = {isa = PBXBuildFile; fileRef = EF376C591AA12F1500832A0D /* Main.storyboard */; };
		EF376C5D1AA12F1500832A0D /* Images.xcassets in Resources */ = {isa = PBXBuildFile; fileRef = EF376C5C1AA12F1500832A0D /* Images.xcassets */; };
		EF376C601AA12F1500832A0D /* LaunchScreen.xib in Resources */ = {isa = PBXBuildFile; fileRef = EF376C5E1AA12F1500832A0D /* LaunchScreen.xib */; };
		EF376C6C1AA12F1500832A0D /* projetesgiTests.m in Sources */ = {isa = PBXBuildFile; fileRef = EF376C6B1AA12F1500832A0D /* projetesgiTests.m */; };
		EF376C801AA1325200832A0D /* TodoListViewController.m in Sources */ = {isa = PBXBuildFile; fileRef = EF376C7F1AA1325200832A0D /* TodoListViewController.m */; };
		EF376C891AA1C08300832A0D /* TodoDetailViewController.m in Sources */ = {isa = PBXBuildFile; fileRef = EF376C881AA1C08300832A0D /* TodoDetailViewController.m */; };
		EF376C8E1AA1C19200832A0D /* UiTextField+Geometry.m in Sources */ = {isa = PBXBuildFile; fileRef = EF376C8D1AA1C19200832A0D /* UiTextField+Geometry.m */; };
		EF572AD41AA8F96D0021E37E /* Project.m in Sources */ = {isa = PBXBuildFile; fileRef = EF572AD31AA8F96D0021E37E /* Project.m */; };
		EF572ADA1AA8FF680021E37E /* Todo.m in Sources */ = {isa = PBXBuildFile; fileRef = EF572AD91AA8FF680021E37E /* Todo.m */; };
		EF6E5F551AA7A9BF00D811EC /* TaskListViewController.m in Sources */ = {isa = PBXBuildFile; fileRef = EF6E5F541AA7A9BF00D811EC /* TaskListViewController.m */; };
		EF6E5F581AA7CE4700D811EC /* TaskDetailViewController.m in Sources */ = {isa = PBXBuildFile; fileRef = EF6E5F571AA7CE4700D811EC /* TaskDetailViewController.m */; };
		EFA66EE71AA1EBE600553018 /* ProjectViewController.m in Sources */ = {isa = PBXBuildFile; fileRef = EFA66EE61AA1EBE600553018 /* ProjectViewController.m */; };
/* End PBXBuildFile section */

/* Begin PBXContainerItemProxy section */
		EF376C661AA12F1500832A0D /* PBXContainerItemProxy */ = {
			isa = PBXContainerItemProxy;
			containerPortal = EF376C411AA12F1500832A0D /* Project object */;
			proxyType = 1;
			remoteGlobalIDString = EF376C481AA12F1500832A0D;
			remoteInfo = projetesgi;
		};
/* End PBXContainerItemProxy section */

/* Begin PBXFileReference section */
		E23219711AA7BACD0051FB2E /* en */ = {isa = PBXFileReference; lastKnownFileType = text.plist.strings; name = en; path = en.lproj/Main.strings; sourceTree = "<group>"; };
		E2FE7F281AA88857008E7729 /* téléchargement.png */ = {isa = PBXFileReference; lastKnownFileType = image.png; path = "téléchargement.png"; sourceTree = "<group>"; };
		EF376C491AA12F1500832A0D /* projetesgi.app */ = {isa = PBXFileReference; explicitFileType = wrapper.application; includeInIndex = 0; path = projetesgi.app; sourceTree = BUILT_PRODUCTS_DIR; };
		EF376C4D1AA12F1500832A0D /* Info.plist */ = {isa = PBXFileReference; lastKnownFileType = text.plist.xml; path = Info.plist; sourceTree = "<group>"; };
		EF376C4E1AA12F1500832A0D /* main.m */ = {isa = PBXFileReference; lastKnownFileType = sourcecode.c.objc; path = main.m; sourceTree = "<group>"; };
		EF376C501AA12F1500832A0D /* AppDelegate.h */ = {isa = PBXFileReference; lastKnownFileType = sourcecode.c.h; path = AppDelegate.h; sourceTree = "<group>"; };
		EF376C511AA12F1500832A0D /* AppDelegate.m */ = {isa = PBXFileReference; lastKnownFileType = sourcecode.c.objc; path = AppDelegate.m; sourceTree = "<group>"; };
		EF376C541AA12F1500832A0D /* projetesgi.xcdatamodel */ = {isa = PBXFileReference; lastKnownFileType = wrapper.xcdatamodel; path = projetesgi.xcdatamodel; sourceTree = "<group>"; };
		EF376C5A1AA12F1500832A0D /* Base */ = {isa = PBXFileReference; lastKnownFileType = file.storyboard; name = Base; path = Base.lproj/Main.storyboard; sourceTree = "<group>"; };
		EF376C5C1AA12F1500832A0D /* Images.xcassets */ = {isa = PBXFileReference; lastKnownFileType = folder.assetcatalog; path = Images.xcassets; sourceTree = "<group>"; };
		EF376C5F1AA12F1500832A0D /* Base */ = {isa = PBXFileReference; lastKnownFileType = file.xib; name = Base; path = Base.lproj/LaunchScreen.xib; sourceTree = "<group>"; };
		EF376C651AA12F1500832A0D /* projetesgiTests.xctest */ = {isa = PBXFileReference; explicitFileType = wrapper.cfbundle; includeInIndex = 0; path = projetesgiTests.xctest; sourceTree = BUILT_PRODUCTS_DIR; };
		EF376C6A1AA12F1500832A0D /* Info.plist */ = {isa = PBXFileReference; lastKnownFileType = text.plist.xml; path = Info.plist; sourceTree = "<group>"; };
		EF376C6B1AA12F1500832A0D /* projetesgiTests.m */ = {isa = PBXFileReference; lastKnownFileType = sourcecode.c.objc; path = projetesgiTests.m; sourceTree = "<group>"; };
		EF376C7E1AA1325200832A0D /* TodoListViewController.h */ = {isa = PBXFileReference; fileEncoding = 4; lastKnownFileType = sourcecode.c.h; path = TodoListViewController.h; sourceTree = "<group>"; };
		EF376C7F1AA1325200832A0D /* TodoListViewController.m */ = {isa = PBXFileReference; fileEncoding = 4; lastKnownFileType = sourcecode.c.objc; path = TodoListViewController.m; sourceTree = "<group>"; };
		EF376C871AA1C08300832A0D /* TodoDetailViewController.h */ = {isa = PBXFileReference; fileEncoding = 4; lastKnownFileType = sourcecode.c.h; path = TodoDetailViewController.h; sourceTree = "<group>"; };
		EF376C881AA1C08300832A0D /* TodoDetailViewController.m */ = {isa = PBXFileReference; fileEncoding = 4; lastKnownFileType = sourcecode.c.objc; path = TodoDetailViewController.m; sourceTree = "<group>"; };
		EF376C8C1AA1C19200832A0D /* UiTextField+Geometry.h */ = {isa = PBXFileReference; fileEncoding = 4; lastKnownFileType = sourcecode.c.h; path = "UiTextField+Geometry.h"; sourceTree = "<group>"; };
		EF376C8D1AA1C19200832A0D /* UiTextField+Geometry.m */ = {isa = PBXFileReference; fileEncoding = 4; lastKnownFileType = sourcecode.c.objc; path = "UiTextField+Geometry.m"; sourceTree = "<group>"; };
		EF572AD21AA8F96D0021E37E /* Project.h */ = {isa = PBXFileReference; fileEncoding = 4; lastKnownFileType = sourcecode.c.h; path = Project.h; sourceTree = "<group>"; };
		EF572AD31AA8F96D0021E37E /* Project.m */ = {isa = PBXFileReference; fileEncoding = 4; lastKnownFileType = sourcecode.c.objc; path = Project.m; sourceTree = "<group>"; };
		EF572AD81AA8FF680021E37E /* Todo.h */ = {isa = PBXFileReference; fileEncoding = 4; lastKnownFileType = sourcecode.c.h; path = Todo.h; sourceTree = "<group>"; };
		EF572AD91AA8FF680021E37E /* Todo.m */ = {isa = PBXFileReference; fileEncoding = 4; lastKnownFileType = sourcecode.c.objc; path = Todo.m; sourceTree = "<group>"; };
		EF6E5F531AA7A9BF00D811EC /* TaskListViewController.h */ = {isa = PBXFileReference; fileEncoding = 4; lastKnownFileType = sourcecode.c.h; path = TaskListViewController.h; sourceTree = "<group>"; };
		EF6E5F541AA7A9BF00D811EC /* TaskListViewController.m */ = {isa = PBXFileReference; fileEncoding = 4; lastKnownFileType = sourcecode.c.objc; path = TaskListViewController.m; sourceTree = "<group>"; };
		EF6E5F561AA7CE4700D811EC /* TaskDetailViewController.h */ = {isa = PBXFileReference; fileEncoding = 4; lastKnownFileType = sourcecode.c.h; path = TaskDetailViewController.h; sourceTree = "<group>"; };
		EF6E5F571AA7CE4700D811EC /* TaskDetailViewController.m */ = {isa = PBXFileReference; fileEncoding = 4; lastKnownFileType = sourcecode.c.objc; path = TaskDetailViewController.m; sourceTree = "<group>"; };
		EFA66EE51AA1EBE600553018 /* ProjectViewController.h */ = {isa = PBXFileReference; fileEncoding = 4; lastKnownFileType = sourcecode.c.h; path = ProjectViewController.h; sourceTree = "<group>"; };
		EFA66EE61AA1EBE600553018 /* ProjectViewController.m */ = {isa = PBXFileReference; fileEncoding = 4; lastKnownFileType = sourcecode.c.objc; path = ProjectViewController.m; sourceTree = "<group>"; };
/* End PBXFileReference section */

/* Begin PBXFrameworksBuildPhase section */
		EF376C461AA12F1500832A0D /* Frameworks */ = {
			isa = PBXFrameworksBuildPhase;
			buildActionMask = 2147483647;
			files = (
			);
			runOnlyForDeploymentPostprocessing = 0;
		};
		EF376C621AA12F1500832A0D /* Frameworks */ = {
			isa = PBXFrameworksBuildPhase;
			buildActionMask = 2147483647;
			files = (
			);
			runOnlyForDeploymentPostprocessing = 0;
		};
/* End PBXFrameworksBuildPhase section */

/* Begin PBXGroup section */
		EF376C401AA12F1500832A0D = {
			isa = PBXGroup;
			children = (
				EF376C4B1AA12F1500832A0D /* projetesgi */,
				EF376C681AA12F1500832A0D /* projetesgiTests */,
				EF376C4A1AA12F1500832A0D /* Products */,
			);
			sourceTree = "<group>";
		};
		EF376C4A1AA12F1500832A0D /* Products */ = {
			isa = PBXGroup;
			children = (
				EF376C491AA12F1500832A0D /* projetesgi.app */,
				EF376C651AA12F1500832A0D /* projetesgiTests.xctest */,
			);
			name = Products;
			sourceTree = "<group>";
		};
		EF376C4B1AA12F1500832A0D /* projetesgi */ = {
			isa = PBXGroup;
			children = (
				E2FE7F281AA88857008E7729 /* téléchargement.png */,
				EF376C751AA1315700832A0D /* Model */,
				EF376C501AA12F1500832A0D /* AppDelegate.h */,
				EF376C511AA12F1500832A0D /* AppDelegate.m */,
				EF376C7A1AA1320900832A0D /* controllers */,
				EF376C591AA12F1500832A0D /* Main.storyboard */,
				EF376C8A1AA1C11300832A0D /* Interfaces */,
				EF376C5C1AA12F1500832A0D /* Images.xcassets */,
				EF376C5E1AA12F1500832A0D /* LaunchScreen.xib */,
				EF376C4C1AA12F1500832A0D /* Supporting Files */,
			);
			path = projetesgi;
			sourceTree = "<group>";
		};
		EF376C4C1AA12F1500832A0D /* Supporting Files */ = {
			isa = PBXGroup;
			children = (
				EF376C4D1AA12F1500832A0D /* Info.plist */,
				EF376C4E1AA12F1500832A0D /* main.m */,
			);
			name = "Supporting Files";
			sourceTree = "<group>";
		};
		EF376C681AA12F1500832A0D /* projetesgiTests */ = {
			isa = PBXGroup;
			children = (
				EF376C6B1AA12F1500832A0D /* projetesgiTests.m */,
				EF376C691AA12F1500832A0D /* Supporting Files */,
			);
			path = projetesgiTests;
			sourceTree = "<group>";
		};
		EF376C691AA12F1500832A0D /* Supporting Files */ = {
			isa = PBXGroup;
			children = (
				EF376C6A1AA12F1500832A0D /* Info.plist */,
			);
			name = "Supporting Files";
			sourceTree = "<group>";
		};
		EF376C751AA1315700832A0D /* Model */ = {
			isa = PBXGroup;
			children = (
				EF376C531AA12F1500832A0D /* projetesgi.xcdatamodeld */,
				EF572AD81AA8FF680021E37E /* Todo.h */,
				EF572AD91AA8FF680021E37E /* Todo.m */,
				EF572AD21AA8F96D0021E37E /* Project.h */,
				EF572AD31AA8F96D0021E37E /* Project.m */,
			);
			name = Model;
			sourceTree = "<group>";
		};
		EF376C7A1AA1320900832A0D /* controllers */ = {
			isa = PBXGroup;
			children = (
				EF376C7E1AA1325200832A0D /* TodoListViewController.h */,
				EF376C7F1AA1325200832A0D /* TodoListViewController.m */,
				EF376C871AA1C08300832A0D /* TodoDetailViewController.h */,
				EF376C881AA1C08300832A0D /* TodoDetailViewController.m */,
				EFA66EE51AA1EBE600553018 /* ProjectViewController.h */,
				EFA66EE61AA1EBE600553018 /* ProjectViewController.m */,
				EF6E5F531AA7A9BF00D811EC /* TaskListViewController.h */,
				EF6E5F541AA7A9BF00D811EC /* TaskListViewController.m */,
				EF6E5F561AA7CE4700D811EC /* TaskDetailViewController.h */,
				EF6E5F571AA7CE4700D811EC /* TaskDetailViewController.m */,
			);
			name = controllers;
			sourceTree = "<group>";
		};
		EF376C8A1AA1C11300832A0D /* Interfaces */ = {
			isa = PBXGroup;
			children = (
				EF376C8B1AA1C12100832A0D /* UiTextField */,
			);
			name = Interfaces;
			sourceTree = "<group>";
		};
		EF376C8B1AA1C12100832A0D /* UiTextField */ = {
			isa = PBXGroup;
			children = (
				EF376C8C1AA1C19200832A0D /* UiTextField+Geometry.h */,
				EF376C8D1AA1C19200832A0D /* UiTextField+Geometry.m */,
			);
			name = UiTextField;
			sourceTree = "<group>";
		};
/* End PBXGroup section */

/* Begin PBXNativeTarget section */
		EF376C481AA12F1500832A0D /* projetesgi */ = {
			isa = PBXNativeTarget;
			buildConfigurationList = EF376C6F1AA12F1500832A0D /* Build configuration list for PBXNativeTarget "projetesgi" */;
			buildPhases = (
				EF376C451AA12F1500832A0D /* Sources */,
				EF376C461AA12F1500832A0D /* Frameworks */,
				EF376C471AA12F1500832A0D /* Resources */,
			);
			buildRules = (
			);
			dependencies = (
			);
			name = projetesgi;
			productName = projetesgi;
			productReference = EF376C491AA12F1500832A0D /* projetesgi.app */;
			productType = "com.apple.product-type.application";
		};
		EF376C641AA12F1500832A0D /* projetesgiTests */ = {
			isa = PBXNativeTarget;
			buildConfigurationList = EF376C721AA12F1500832A0D /* Build configuration list for PBXNativeTarget "projetesgiTests" */;
			buildPhases = (
				EF376C611AA12F1500832A0D /* Sources */,
				EF376C621AA12F1500832A0D /* Frameworks */,
				EF376C631AA12F1500832A0D /* Resources */,
			);
			buildRules = (
			);
			dependencies = (
				EF376C671AA12F1500832A0D /* PBXTargetDependency */,
			);
			name = projetesgiTests;
			productName = projetesgiTests;
			productReference = EF376C651AA12F1500832A0D /* projetesgiTests.xctest */;
			productType = "com.apple.product-type.bundle.unit-test";
		};
/* End PBXNativeTarget section */

/* Begin PBXProject section */
		EF376C411AA12F1500832A0D /* Project object */ = {
			isa = PBXProject;
			attributes = {
				LastUpgradeCheck = 0610;
				ORGANIZATIONNAME = "xavier engels";
				TargetAttributes = {
					EF376C481AA12F1500832A0D = {
						CreatedOnToolsVersion = 6.1;
					};
					EF376C641AA12F1500832A0D = {
						CreatedOnToolsVersion = 6.1;
						TestTargetID = EF376C481AA12F1500832A0D;
					};
				};
			};
			buildConfigurationList = EF376C441AA12F1500832A0D /* Build configuration list for PBXProject "projetesgi" */;
			compatibilityVersion = "Xcode 3.2";
			developmentRegion = English;
			hasScannedForEncodings = 0;
			knownRegions = (
				en,
				Base,
			);
			mainGroup = EF376C401AA12F1500832A0D;
			productRefGroup = EF376C4A1AA12F1500832A0D /* Products */;
			projectDirPath = "";
			projectRoot = "";
			targets = (
				EF376C481AA12F1500832A0D /* projetesgi */,
				EF376C641AA12F1500832A0D /* projetesgiTests */,
			);
		};
/* End PBXProject section */

/* Begin PBXResourcesBuildPhase section */
		EF376C471AA12F1500832A0D /* Resources */ = {
			isa = PBXResourcesBuildPhase;
			buildActionMask = 2147483647;
			files = (
				EF376C5B1AA12F1500832A0D /* Main.storyboard in Resources */,
				E2FE7F291AA88857008E7729 /* téléchargement.png in Resources */,
				EF376C601AA12F1500832A0D /* LaunchScreen.xib in Resources */,
				EF376C5D1AA12F1500832A0D /* Images.xcassets in Resources */,
			);
			runOnlyForDeploymentPostprocessing = 0;
		};
		EF376C631AA12F1500832A0D /* Resources */ = {
			isa = PBXResourcesBuildPhase;
			buildActionMask = 2147483647;
			files = (
			);
			runOnlyForDeploymentPostprocessing = 0;
		};
/* End PBXResourcesBuildPhase section */

/* Begin PBXSourcesBuildPhase section */
		EF376C451AA12F1500832A0D /* Sources */ = {
			isa = PBXSourcesBuildPhase;
			buildActionMask = 2147483647;
			files = (
				EFA66EE71AA1EBE600553018 /* ProjectViewController.m in Sources */,
				EF376C891AA1C08300832A0D /* TodoDetailViewController.m in Sources */,
				EF376C801AA1325200832A0D /* TodoListViewController.m in Sources */,
				EF572AD41AA8F96D0021E37E /* Project.m in Sources */,
				EF6E5F551AA7A9BF00D811EC /* TaskListViewController.m in Sources */,
				EF376C521AA12F1500832A0D /* AppDelegate.m in Sources */,
				EF376C4F1AA12F1500832A0D /* main.m in Sources */,
				EF376C8E1AA1C19200832A0D /* UiTextField+Geometry.m in Sources */,
				EF376C551AA12F1500832A0D /* projetesgi.xcdatamodeld in Sources */,
				EF6E5F581AA7CE4700D811EC /* TaskDetailViewController.m in Sources */,
				EF572ADA1AA8FF680021E37E /* Todo.m in Sources */,
			);
			runOnlyForDeploymentPostprocessing = 0;
		};
		EF376C611AA12F1500832A0D /* Sources */ = {
			isa = PBXSourcesBuildPhase;
			buildActionMask = 2147483647;
			files = (
				EF376C6C1AA12F1500832A0D /* projetesgiTests.m in Sources */,
			);
			runOnlyForDeploymentPostprocessing = 0;
		};
/* End PBXSourcesBuildPhase section */

/* Begin PBXTargetDependency section */
		EF376C671AA12F1500832A0D /* PBXTargetDependency */ = {
			isa = PBXTargetDependency;
			target = EF376C481AA12F1500832A0D /* projetesgi */;
			targetProxy = EF376C661AA12F1500832A0D /* PBXContainerItemProxy */;
		};
/* End PBXTargetDependency section */

/* Begin PBXVariantGroup section */
		EF376C591AA12F1500832A0D /* Main.storyboard */ = {
			isa = PBXVariantGroup;
			children = (
				EF376C5A1AA12F1500832A0D /* Base */,
				E23219711AA7BACD0051FB2E /* en */,
			);
			name = Main.storyboard;
			sourceTree = "<group>";
		};
		EF376C5E1AA12F1500832A0D /* LaunchScreen.xib */ = {
			isa = PBXVariantGroup;
			children = (
				EF376C5F1AA12F1500832A0D /* Base */,
			);
			name = LaunchScreen.xib;
			sourceTree = "<group>";
		};
/* End PBXVariantGroup section */

/* Begin XCBuildConfiguration section */
		EF376C6D1AA12F1500832A0D /* Debug */ = {
			isa = XCBuildConfiguration;
			buildSettings = {
				ALWAYS_SEARCH_USER_PATHS = NO;
				CLANG_CXX_LANGUAGE_STANDARD = "gnu++0x";
				CLANG_CXX_LIBRARY = "libc++";
				CLANG_ENABLE_MODULES = YES;
				CLANG_ENABLE_OBJC_ARC = YES;
				CLANG_WARN_BOOL_CONVERSION = YES;
				CLANG_WARN_CONSTANT_CONVERSION = YES;
				CLANG_WARN_DIRECT_OBJC_ISA_USAGE = YES_ERROR;
				CLANG_WARN_EMPTY_BODY = YES;
				CLANG_WARN_ENUM_CONVERSION = YES;
				CLANG_WARN_INT_CONVERSION = YES;
				CLANG_WARN_OBJC_ROOT_CLASS = YES_ERROR;
				CLANG_WARN_UNREACHABLE_CODE = YES;
				CLANG_WARN__DUPLICATE_METHOD_MATCH = YES;
				"CODE_SIGN_IDENTITY[sdk=iphoneos*]" = "iPhone Developer";
				COPY_PHASE_STRIP = NO;
				ENABLE_STRICT_OBJC_MSGSEND = YES;
				GCC_C_LANGUAGE_STANDARD = gnu99;
				GCC_DYNAMIC_NO_PIC = NO;
				GCC_OPTIMIZATION_LEVEL = 0;
				GCC_PREPROCESSOR_DEFINITIONS = (
					"DEBUG=1",
					"$(inherited)",
				);
				GCC_SYMBOLS_PRIVATE_EXTERN = NO;
				GCC_WARN_64_TO_32_BIT_CONVERSION = YES;
				GCC_WARN_ABOUT_RETURN_TYPE = YES_ERROR;
				GCC_WARN_UNDECLARED_SELECTOR = YES;
				GCC_WARN_UNINITIALIZED_AUTOS = YES_AGGRESSIVE;
				GCC_WARN_UNUSED_FUNCTION = YES;
				GCC_WARN_UNUSED_VARIABLE = YES;
				IPHONEOS_DEPLOYMENT_TARGET = 8.1;
				MTL_ENABLE_DEBUG_INFO = YES;
				ONLY_ACTIVE_ARCH = YES;
				SDKROOT = iphoneos;
			};
			name = Debug;
		};
		EF376C6E1AA12F1500832A0D /* Release */ = {
			isa = XCBuildConfiguration;
			buildSettings = {
				ALWAYS_SEARCH_USER_PATHS = NO;
				CLANG_CXX_LANGUAGE_STANDARD = "gnu++0x";
				CLANG_CXX_LIBRARY = "libc++";
				CLANG_ENABLE_MODULES = YES;
				CLANG_ENABLE_OBJC_ARC = YES;
				CLANG_WARN_BOOL_CONVERSION = YES;
				CLANG_WARN_CONSTANT_CONVERSION = YES;
				CLANG_WARN_DIRECT_OBJC_ISA_USAGE = YES_ERROR;
				CLANG_WARN_EMPTY_BODY = YES;
				CLANG_WARN_ENUM_CONVERSION = YES;
				CLANG_WARN_INT_CONVERSION = YES;
				CLANG_WARN_OBJC_ROOT_CLASS = YES_ERROR;
				CLANG_WARN_UNREACHABLE_CODE = YES;
				CLANG_WARN__DUPLICATE_METHOD_MATCH = YES;
				"CODE_SIGN_IDENTITY[sdk=iphoneos*]" = "iPhone Developer";
				COPY_PHASE_STRIP = YES;
				ENABLE_NS_ASSERTIONS = NO;
				ENABLE_STRICT_OBJC_MSGSEND = YES;
				GCC_C_LANGUAGE_STANDARD = gnu99;
				GCC_WARN_64_TO_32_BIT_CONVERSION = YES;
				GCC_WARN_ABOUT_RETURN_TYPE = YES_ERROR;
				GCC_WARN_UNDECLARED_SELECTOR = YES;
				GCC_WARN_UNINITIALIZED_AUTOS = YES_AGGRESSIVE;
				GCC_WARN_UNUSED_FUNCTION = YES;
				GCC_WARN_UNUSED_VARIABLE = YES;
				IPHONEOS_DEPLOYMENT_TARGET = 8.1;
				MTL_ENABLE_DEBUG_INFO = NO;
				SDKROOT = iphoneos;
				VALIDATE_PRODUCT = YES;
			};
			name = Release;
		};
		EF376C701AA12F1500832A0D /* Debug */ = {
			isa = XCBuildConfiguration;
			buildSettings = {
				ASSETCATALOG_COMPILER_APPICON_NAME = AppIcon;
				INFOPLIST_FILE = projetesgi/Info.plist;
				LD_RUNPATH_SEARCH_PATHS = "$(inherited) @executable_path/Frameworks";
				PRODUCT_NAME = "$(TARGET_NAME)";
			};
			name = Debug;
		};
		EF376C711AA12F1500832A0D /* Release */ = {
			isa = XCBuildConfiguration;
			buildSettings = {
				ASSETCATALOG_COMPILER_APPICON_NAME = AppIcon;
				INFOPLIST_FILE = projetesgi/Info.plist;
				LD_RUNPATH_SEARCH_PATHS = "$(inherited) @executable_path/Frameworks";
				PRODUCT_NAME = "$(TARGET_NAME)";
			};
			name = Release;
		};
		EF376C731AA12F1500832A0D /* Debug */ = {
			isa = XCBuildConfiguration;
			buildSettings = {
				BUNDLE_LOADER = "$(TEST_HOST)";
				FRAMEWORK_SEARCH_PATHS = (
					"$(SDKROOT)/Developer/Library/Frameworks",
					"$(inherited)",
				);
				GCC_PREPROCESSOR_DEFINITIONS = (
					"DEBUG=1",
					"$(inherited)",
				);
				INFOPLIST_FILE = projetesgiTests/Info.plist;
				LD_RUNPATH_SEARCH_PATHS = "$(inherited) @executable_path/Frameworks @loader_path/Frameworks";
				PRODUCT_NAME = "$(TARGET_NAME)";
				TEST_HOST = "$(BUILT_PRODUCTS_DIR)/projetesgi.app/projetesgi";
			};
			name = Debug;
		};
		EF376C741AA12F1500832A0D /* Release */ = {
			isa = XCBuildConfiguration;
			buildSettings = {
				BUNDLE_LOADER = "$(TEST_HOST)";
				FRAMEWORK_SEARCH_PATHS = (
					"$(SDKROOT)/Developer/Library/Frameworks",
					"$(inherited)",
				);
				INFOPLIST_FILE = projetesgiTests/Info.plist;
				LD_RUNPATH_SEARCH_PATHS = "$(inherited) @executable_path/Frameworks @loader_path/Frameworks";
				PRODUCT_NAME = "$(TARGET_NAME)";
				TEST_HOST = "$(BUILT_PRODUCTS_DIR)/projetesgi.app/projetesgi";
			};
			name = Release;
		};
/* End XCBuildConfiguration section */

/* Begin XCConfigurationList section */
		EF376C441AA12F1500832A0D /* Build configuration list for PBXProject "projetesgi" */ = {
			isa = XCConfigurationList;
			buildConfigurations = (
				EF376C6D1AA12F1500832A0D /* Debug */,
				EF376C6E1AA12F1500832A0D /* Release */,
			);
			defaultConfigurationIsVisible = 0;
			defaultConfigurationName = Release;
		};
		EF376C6F1AA12F1500832A0D /* Build configuration list for PBXNativeTarget "projetesgi" */ = {
			isa = XCConfigurationList;
			buildConfigurations = (
				EF376C701AA12F1500832A0D /* Debug */,
				EF376C711AA12F1500832A0D /* Release */,
			);
			defaultConfigurationIsVisible = 0;
			defaultConfigurationName = Release;
		};
		EF376C721AA12F1500832A0D /* Build configuration list for PBXNativeTarget "projetesgiTests" */ = {
			isa = XCConfigurationList;
			buildConfigurations = (
				EF376C731AA12F1500832A0D /* Debug */,
				EF376C741AA12F1500832A0D /* Release */,
			);
			defaultConfigurationIsVisible = 0;
			defaultConfigurationName = Release;
		};
/* End XCConfigurationList section */

/* Begin XCVersionGroup section */
		EF376C531AA12F1500832A0D /* projetesgi.xcdatamodeld */ = {
			isa = XCVersionGroup;
			children = (
				EF376C541AA12F1500832A0D /* projetesgi.xcdatamodel */,
			);
			currentVersion = EF376C541AA12F1500832A0D /* projetesgi.xcdatamodel */;
			path = projetesgi.xcdatamodeld;
			sourceTree = "<group>";
			versionGroupType = wrapper.xcdatamodel;
		};
/* End XCVersionGroup section */
	};
	rootObject = EF376C411AA12F1500832A0D /* Project object */;
}
